<?xml version="1.0" encoding="utf-8"?>
<Project ToolsVersion="4.0" xmlns="http://schemas.microsoft.com/developer/msbuild/2003">
  <ItemGroup>
    <Filter Include="Source Files">
      <UniqueIdentifier>{4FC737F1-C7A5-4376-A066-2A32D752A2FF}</UniqueIdentifier>
      <Extensions>cpp;c;cc;cxx;def;odl;idl;hpj;bat;asm;asmx</Extensions>
    </Filter>
    <Filter Include="Resource Files">
      <UniqueIdentifier>{67DA6AB6-F800-4c08-8B7A-83BB121AAD01}</UniqueIdentifier>
      <Extensions>rc;ico;cur;bmp;dlg;rc2;rct;bin;rgs;gif;jpg;jpeg;jpe;resx;tiff;tif;png;wav;mfcribbon-ms</Extensions>
    </Filter>
    <Filter Include="header">
      <UniqueIdentifier>{be911259-109a-4d84-b2d3-8bd406aaba6e}</UniqueIdentifier>
    </Filter>
    <Filter Include="header\UI">
      <UniqueIdentifier>{880b2f24-accb-4b1a-8460-f2dfcb6183e6}</UniqueIdentifier>
    </Filter>
    <Filter Include="Source Files\UI">
      <UniqueIdentifier>{df896f6a-f8fd-49ab-950c-a28d8a9ae6ee}</UniqueIdentifier>
    </Filter>
  </ItemGroup>
  <ItemGroup>
    <ClCompile Include="src\Game-core\snake.cpp">
      <Filter>Source Files</Filter>
    </ClCompile>
    <ClCompile Include="src\Game-core\game.cpp">
      <Filter>Source Files</Filter>
    </ClCompile>
    <ClCompile Include="src\Game-core\food.cpp">
      <Filter>Source Files</Filter>
    </ClCompile>
    <ClCompile Include="src\UI\MainMenu.cpp">
      <Filter>Source Files</Filter>
    </ClCompile>
    <ClCompile Include="src\main.cpp">
      <Filter>Source Files</Filter>
    </ClCompile>
  </ItemGroup>
  <ItemGroup>
    <ClInclude Include="src\Game-core\snake.h">
      <Filter>header</Filter>
    </ClInclude>
    <ClInclude Include="src\Game-core\game.h">
      <Filter>header</Filter>
    </ClInclude>
    <ClInclude Include="src\Game-core\food.h">
      <Filter>header</Filter>
    </ClInclude>
    <ClInclude Include="src\Game-core\engine.h">
      <Filter>header</Filter>
    </ClInclude>
    <ClInclude Include="src\UI\MainMenu.h" />
  </ItemGroup>
  <ItemGroup>
    <None Include=".gitignore" />
    <None Include="README.md" />
    <None Include=".travis.yml" />
  </ItemGroup>
  <ItemGroup>
    <Text Include="Makefile" />
    <Text Include="license.txt" />
  </ItemGroup>
</Project>